// !$*UTF8*$!
{
	archiveVersion = 1;
	classes = {
	};
	objectVersion = 56;
	objects = {

/* Begin PBXBuildFile section */
		6C23CFF62A145E7C003F2448 /* AppDelegate.swift in Sources */ = {isa = PBXBuildFile; fileRef = 6C23CFF52A145E7C003F2448 /* AppDelegate.swift */; };
		6C23CFF82A145E7C003F2448 /* SceneDelegate.swift in Sources */ = {isa = PBXBuildFile; fileRef = 6C23CFF72A145E7C003F2448 /* SceneDelegate.swift */; };
		6C23CFFA2A145E7C003F2448 /* ZonasViewController.swift in Sources */ = {isa = PBXBuildFile; fileRef = 6C23CFF92A145E7C003F2448 /* ZonasViewController.swift */; };
		6C23CFFD2A145E7C003F2448 /* Main.storyboard in Resources */ = {isa = PBXBuildFile; fileRef = 6C23CFFB2A145E7C003F2448 /* Main.storyboard */; };
		6C23CFFF2A145E7D003F2448 /* Assets.xcassets in Resources */ = {isa = PBXBuildFile; fileRef = 6C23CFFE2A145E7D003F2448 /* Assets.xcassets */; };
		6C23D0022A145E7D003F2448 /* LaunchScreen.storyboard in Resources */ = {isa = PBXBuildFile; fileRef = 6C23D0002A145E7D003F2448 /* LaunchScreen.storyboard */; };
		6C23D00A2A145EC3003F2448 /* UIView+Extension.swift in Sources */ = {isa = PBXBuildFile; fileRef = 6C23D0092A145EC3003F2448 /* UIView+Extension.swift */; };
		6C23D00C2A146457003F2448 /* ZonaData.swift in Sources */ = {isa = PBXBuildFile; fileRef = 6C23D00B2A146457003F2448 /* ZonaData.swift */; };
		6C23D0132A14666E003F2448 /* DetalleZonaViewController.swift in Sources */ = {isa = PBXBuildFile; fileRef = 6C23D0122A14666E003F2448 /* DetalleZonaViewController.swift */; };
		6C23D0172A146EA0003F2448 /* ZonaCelda.swift in Sources */ = {isa = PBXBuildFile; fileRef = 6C23D0152A146EA0003F2448 /* ZonaCelda.swift */; };
		6C23D0182A146EA0003F2448 /* ZonaCelda.xib in Resources */ = {isa = PBXBuildFile; fileRef = 6C23D0162A146EA0003F2448 /* ZonaCelda.xib */; };
		6C23D01B2A14797E003F2448 /* AboutUsViewController.swift in Sources */ = {isa = PBXBuildFile; fileRef = 6C23D01A2A14797E003F2448 /* AboutUsViewController.swift */; };
		6C23D01E2A147AA8003F2448 /* CulturaViewController.swift in Sources */ = {isa = PBXBuildFile; fileRef = 6C23D01D2A147AA8003F2448 /* CulturaViewController.swift */; };
		6C23D0202A147B3A003F2448 /* TemaCultura.swift in Sources */ = {isa = PBXBuildFile; fileRef = 6C23D01F2A147B3A003F2448 /* TemaCultura.swift */; };
		6C23D0242A147C47003F2448 /* CulturaCelda.swift in Sources */ = {isa = PBXBuildFile; fileRef = 6C23D0222A147C47003F2448 /* CulturaCelda.swift */; };
		6C23D0252A147C47003F2448 /* CulturaCelda.xib in Resources */ = {isa = PBXBuildFile; fileRef = 6C23D0232A147C47003F2448 /* CulturaCelda.xib */; };
/* End PBXBuildFile section */

/* Begin PBXFileReference section */
		6C23CFF22A145E7C003F2448 /* Adventure Kaan.app */ = {isa = PBXFileReference; explicitFileType = wrapper.application; includeInIndex = 0; path = "Adventure Kaan.app"; sourceTree = BUILT_PRODUCTS_DIR; };
		6C23CFF52A145E7C003F2448 /* AppDelegate.swift */ = {isa = PBXFileReference; lastKnownFileType = sourcecode.swift; path = AppDelegate.swift; sourceTree = "<group>"; };
		6C23CFF72A145E7C003F2448 /* SceneDelegate.swift */ = {isa = PBXFileReference; lastKnownFileType = sourcecode.swift; path = SceneDelegate.swift; sourceTree = "<group>"; };
		6C23CFF92A145E7C003F2448 /* ZonasViewController.swift */ = {isa = PBXFileReference; lastKnownFileType = sourcecode.swift; path = ZonasViewController.swift; sourceTree = "<group>"; };
		6C23CFFC2A145E7C003F2448 /* Base */ = {isa = PBXFileReference; lastKnownFileType = file.storyboard; name = Base; path = Base.lproj/Main.storyboard; sourceTree = "<group>"; };
		6C23CFFE2A145E7D003F2448 /* Assets.xcassets */ = {isa = PBXFileReference; lastKnownFileType = folder.assetcatalog; path = Assets.xcassets; sourceTree = "<group>"; };
		6C23D0012A145E7D003F2448 /* Base */ = {isa = PBXFileReference; lastKnownFileType = file.storyboard; name = Base; path = Base.lproj/LaunchScreen.storyboard; sourceTree = "<group>"; };
		6C23D0032A145E7D003F2448 /* Info.plist */ = {isa = PBXFileReference; lastKnownFileType = text.plist.xml; path = Info.plist; sourceTree = "<group>"; };
		6C23D0092A145EC3003F2448 /* UIView+Extension.swift */ = {isa = PBXFileReference; lastKnownFileType = sourcecode.swift; path = "UIView+Extension.swift"; sourceTree = "<group>"; };
		6C23D00B2A146457003F2448 /* ZonaData.swift */ = {isa = PBXFileReference; lastKnownFileType = sourcecode.swift; path = ZonaData.swift; sourceTree = "<group>"; };
		6C23D0122A14666E003F2448 /* DetalleZonaViewController.swift */ = {isa = PBXFileReference; lastKnownFileType = sourcecode.swift; path = DetalleZonaViewController.swift; sourceTree = "<group>"; };
		6C23D0152A146EA0003F2448 /* ZonaCelda.swift */ = {isa = PBXFileReference; lastKnownFileType = sourcecode.swift; path = ZonaCelda.swift; sourceTree = "<group>"; };
		6C23D0162A146EA0003F2448 /* ZonaCelda.xib */ = {isa = PBXFileReference; lastKnownFileType = file.xib; path = ZonaCelda.xib; sourceTree = "<group>"; };
		6C23D01A2A14797E003F2448 /* AboutUsViewController.swift */ = {isa = PBXFileReference; lastKnownFileType = sourcecode.swift; path = AboutUsViewController.swift; sourceTree = "<group>"; };
		6C23D01D2A147AA8003F2448 /* CulturaViewController.swift */ = {isa = PBXFileReference; lastKnownFileType = sourcecode.swift; path = CulturaViewController.swift; sourceTree = "<group>"; };
		6C23D01F2A147B3A003F2448 /* TemaCultura.swift */ = {isa = PBXFileReference; lastKnownFileType = sourcecode.swift; path = TemaCultura.swift; sourceTree = "<group>"; };
		6C23D0222A147C47003F2448 /* CulturaCelda.swift */ = {isa = PBXFileReference; lastKnownFileType = sourcecode.swift; path = CulturaCelda.swift; sourceTree = "<group>"; };
		6C23D0232A147C47003F2448 /* CulturaCelda.xib */ = {isa = PBXFileReference; lastKnownFileType = file.xib; path = CulturaCelda.xib; sourceTree = "<group>"; };
/* End PBXFileReference section */

/* Begin PBXFrameworksBuildPhase section */
		6C23CFEF2A145E7C003F2448 /* Frameworks */ = {
			isa = PBXFrameworksBuildPhase;
			buildActionMask = 2147483647;
			files = (
			);
			runOnlyForDeploymentPostprocessing = 0;
		};
/* End PBXFrameworksBuildPhase section */

/* Begin PBXGroup section */
		6C23CFE92A145E7C003F2448 = {
			isa = PBXGroup;
			children = (
				6C23CFF42A145E7C003F2448 /* Adventure Kaan */,
				6C23CFF32A145E7C003F2448 /* Products */,
			);
			sourceTree = "<group>";
		};
		6C23CFF32A145E7C003F2448 /* Products */ = {
			isa = PBXGroup;
			children = (
				6C23CFF22A145E7C003F2448 /* Adventure Kaan.app */,
			);
			name = Products;
			sourceTree = "<group>";
		};
		6C23CFF42A145E7C003F2448 /* Adventure Kaan */ = {
			isa = PBXGroup;
			children = (
				6C23CFF52A145E7C003F2448 /* AppDelegate.swift */,
				6C23CFF72A145E7C003F2448 /* SceneDelegate.swift */,
				6C23D00D2A14645A003F2448 /* Modelo */,
				6C23D00E2A146638003F2448 /* Controlador */,
				6C23CFFB2A145E7C003F2448 /* Main.storyboard */,
				6C23CFFE2A145E7D003F2448 /* Assets.xcassets */,
				6C23D0002A145E7D003F2448 /* LaunchScreen.storyboard */,
				6C23D0032A145E7D003F2448 /* Info.plist */,
				6C23D0092A145EC3003F2448 /* UIView+Extension.swift */,
			);
			path = "Adventure Kaan";
			sourceTree = "<group>";
		};
		6C23D00D2A14645A003F2448 /* Modelo */ = {
			isa = PBXGroup;
			children = (
				6C23D0192A1472FF003F2448 /* ZonasArqueológicas */,
			);
			path = Modelo;
			sourceTree = "<group>";
		};
		6C23D00E2A146638003F2448 /* Controlador */ = {
			isa = PBXGroup;
			children = (
				6C23D01C2A147A9A003F2448 /* Cultura */,
				6C23D00F2A146652003F2448 /* Zonas */,
				6C23D01A2A14797E003F2448 /* AboutUsViewController.swift */,
			);
			path = Controlador;
			sourceTree = "<group>";
		};
		6C23D00F2A146652003F2448 /* Zonas */ = {
			isa = PBXGroup;
			children = (
				6C23D0142A146E55003F2448 /* Vistas */,
				6C23CFF92A145E7C003F2448 /* ZonasViewController.swift */,
				6C23D0122A14666E003F2448 /* DetalleZonaViewController.swift */,
			);
			path = Zonas;
			sourceTree = "<group>";
		};
		6C23D0142A146E55003F2448 /* Vistas */ = {
			isa = PBXGroup;
			children = (
				6C23D0152A146EA0003F2448 /* ZonaCelda.swift */,
				6C23D0162A146EA0003F2448 /* ZonaCelda.xib */,
			);
			path = Vistas;
			sourceTree = "<group>";
		};
		6C23D0192A1472FF003F2448 /* ZonasArqueológicas */ = {
			isa = PBXGroup;
			children = (
				6C23D00B2A146457003F2448 /* ZonaData.swift */,
			);
			name = "ZonasArqueológicas";
			path = "ZonasArqueológicas";
			sourceTree = "<group>";
		};
		6C23D01C2A147A9A003F2448 /* Cultura */ = {
			isa = PBXGroup;
			children = (
				6C23D0212A147C33003F2448 /* Vistas */,
				6C23D01D2A147AA8003F2448 /* CulturaViewController.swift */,
				6C23D01F2A147B3A003F2448 /* TemaCultura.swift */,
			);
			path = Cultura;
			sourceTree = "<group>";
		};
		6C23D0212A147C33003F2448 /* Vistas */ = {
			isa = PBXGroup;
			children = (
				6C23D0222A147C47003F2448 /* CulturaCelda.swift */,
				6C23D0232A147C47003F2448 /* CulturaCelda.xib */,
			);
			path = Vistas;
			sourceTree = "<group>";
		};
/* End PBXGroup section */

/* Begin PBXNativeTarget section */
		6C23CFF12A145E7C003F2448 /* Adventure Kaan */ = {
			isa = PBXNativeTarget;
			buildConfigurationList = 6C23D0062A145E7D003F2448 /* Build configuration list for PBXNativeTarget "Adventure Kaan" */;
			buildPhases = (
				6C23CFEE2A145E7C003F2448 /* Sources */,
				6C23CFEF2A145E7C003F2448 /* Frameworks */,
				6C23CFF02A145E7C003F2448 /* Resources */,
			);
			buildRules = (
			);
			dependencies = (
			);
			name = "Adventure Kaan";
			productName = "Adventure Kaan";
			productReference = 6C23CFF22A145E7C003F2448 /* Adventure Kaan.app */;
			productType = "com.apple.product-type.application";
		};
/* End PBXNativeTarget section */

/* Begin PBXProject section */
		6C23CFEA2A145E7C003F2448 /* Project object */ = {
			isa = PBXProject;
			attributes = {
				BuildIndependentTargetsInParallel = 1;
				LastSwiftUpdateCheck = 1430;
				LastUpgradeCheck = 1430;
				TargetAttributes = {
					6C23CFF12A145E7C003F2448 = {
						CreatedOnToolsVersion = 14.3;
					};
				};
			};
			buildConfigurationList = 6C23CFED2A145E7C003F2448 /* Build configuration list for PBXProject "Adventure Kaan" */;
			compatibilityVersion = "Xcode 14.0";
			developmentRegion = en;
			hasScannedForEncodings = 0;
			knownRegions = (
				en,
				Base,
			);
			mainGroup = 6C23CFE92A145E7C003F2448;
			productRefGroup = 6C23CFF32A145E7C003F2448 /* Products */;
			projectDirPath = "";
			projectRoot = "";
			targets = (
				6C23CFF12A145E7C003F2448 /* Adventure Kaan */,
			);
		};
/* End PBXProject section */

/* Begin PBXResourcesBuildPhase section */
		6C23CFF02A145E7C003F2448 /* Resources */ = {
			isa = PBXResourcesBuildPhase;
			buildActionMask = 2147483647;
			files = (
				6C23D0022A145E7D003F2448 /* LaunchScreen.storyboard in Resources */,
				6C23CFFF2A145E7D003F2448 /* Assets.xcassets in Resources */,
				6C23D0252A147C47003F2448 /* CulturaCelda.xib in Resources */,
				6C23CFFD2A145E7C003F2448 /* Main.storyboard in Resources */,
				6C23D0182A146EA0003F2448 /* ZonaCelda.xib in Resources */,
			);
			runOnlyForDeploymentPostprocessing = 0;
		};
/* End PBXResourcesBuildPhase section */

/* Begin PBXSourcesBuildPhase section */
		6C23CFEE2A145E7C003F2448 /* Sources */ = {
			isa = PBXSourcesBuildPhase;
			buildActionMask = 2147483647;
			files = (
				6C23D01B2A14797E003F2448 /* AboutUsViewController.swift in Sources */,
				6C23CFFA2A145E7C003F2448 /* ZonasViewController.swift in Sources */,
				6C23D00C2A146457003F2448 /* ZonaData.swift in Sources */,
				6C23D01E2A147AA8003F2448 /* CulturaViewController.swift in Sources */,
				6C23D0132A14666E003F2448 /* DetalleZonaViewController.swift in Sources */,
				6C23CFF62A145E7C003F2448 /* AppDelegate.swift in Sources */,
				6C23D00A2A145EC3003F2448 /* UIView+Extension.swift in Sources */,
				6C23D0202A147B3A003F2448 /* TemaCultura.swift in Sources */,
				6C23D0172A146EA0003F2448 /* ZonaCelda.swift in Sources */,
				6C23D0242A147C47003F2448 /* CulturaCelda.swift in Sources */,
				6C23CFF82A145E7C003F2448 /* SceneDelegate.swift in Sources */,
			);
			runOnlyForDeploymentPostprocessing = 0;
		};
/* End PBXSourcesBuildPhase section */

/* Begin PBXVariantGroup section */
		6C23CFFB2A145E7C003F2448 /* Main.storyboard */ = {
			isa = PBXVariantGroup;
			children = (
				6C23CFFC2A145E7C003F2448 /* Base */,
			);
			name = Main.storyboard;
			sourceTree = "<group>";
		};
		6C23D0002A145E7D003F2448 /* LaunchScreen.storyboard */ = {
			isa = PBXVariantGroup;
			children = (
				6C23D0012A145E7D003F2448 /* Base */,
			);
			name = LaunchScreen.storyboard;
			sourceTree = "<group>";
		};
/* End PBXVariantGroup section */

/* Begin XCBuildConfiguration section */
		6C23D0042A145E7D003F2448 /* Debug */ = {
			isa = XCBuildConfiguration;
			buildSettings = {
				ALWAYS_SEARCH_USER_PATHS = NO;
				CLANG_ANALYZER_NONNULL = YES;
				CLANG_ANALYZER_NUMBER_OBJECT_CONVERSION = YES_AGGRESSIVE;
				CLANG_CXX_LANGUAGE_STANDARD = "gnu++20";
				CLANG_ENABLE_MODULES = YES;
				CLANG_ENABLE_OBJC_ARC = YES;
				CLANG_ENABLE_OBJC_WEAK = YES;
				CLANG_WARN_BLOCK_CAPTURE_AUTORELEASING = YES;
				CLANG_WARN_BOOL_CONVERSION = YES;
				CLANG_WARN_COMMA = YES;
				CLANG_WARN_CONSTANT_CONVERSION = YES;
				CLANG_WARN_DEPRECATED_OBJC_IMPLEMENTATIONS = YES;
				CLANG_WARN_DIRECT_OBJC_ISA_USAGE = YES_ERROR;
				CLANG_WARN_DOCUMENTATION_COMMENTS = YES;
				CLANG_WARN_EMPTY_BODY = YES;
				CLANG_WARN_ENUM_CONVERSION = YES;
				CLANG_WARN_INFINITE_RECURSION = YES;
				CLANG_WARN_INT_CONVERSION = YES;
				CLANG_WARN_NON_LITERAL_NULL_CONVERSION = YES;
				CLANG_WARN_OBJC_IMPLICIT_RETAIN_SELF = YES;
				CLANG_WARN_OBJC_LITERAL_CONVERSION = YES;
				CLANG_WARN_OBJC_ROOT_CLASS = YES_ERROR;
				CLANG_WARN_QUOTED_INCLUDE_IN_FRAMEWORK_HEADER = YES;
				CLANG_WARN_RANGE_LOOP_ANALYSIS = YES;
				CLANG_WARN_STRICT_PROTOTYPES = YES;
				CLANG_WARN_SUSPICIOUS_MOVE = YES;
				CLANG_WARN_UNGUARDED_AVAILABILITY = YES_AGGRESSIVE;
				CLANG_WARN_UNREACHABLE_CODE = YES;
				CLANG_WARN__DUPLICATE_METHOD_MATCH = YES;
				COPY_PHASE_STRIP = NO;
				DEBUG_INFORMATION_FORMAT = dwarf;
				ENABLE_STRICT_OBJC_MSGSEND = YES;
				ENABLE_TESTABILITY = YES;
				GCC_C_LANGUAGE_STANDARD = gnu11;
				GCC_DYNAMIC_NO_PIC = NO;
				GCC_NO_COMMON_BLOCKS = YES;
				GCC_OPTIMIZATION_LEVEL = 0;
				GCC_PREPROCESSOR_DEFINITIONS = (
					"DEBUG=1",
					"$(inherited)",
				);
				GCC_WARN_64_TO_32_BIT_CONVERSION = YES;
				GCC_WARN_ABOUT_RETURN_TYPE = YES_ERROR;
				GCC_WARN_UNDECLARED_SELECTOR = YES;
				GCC_WARN_UNINITIALIZED_AUTOS = YES_AGGRESSIVE;
				GCC_WARN_UNUSED_FUNCTION = YES;
				GCC_WARN_UNUSED_VARIABLE = YES;
				IPHONEOS_DEPLOYMENT_TARGET = 16.4;
				MTL_ENABLE_DEBUG_INFO = INCLUDE_SOURCE;
				MTL_FAST_MATH = YES;
				ONLY_ACTIVE_ARCH = YES;
				SDKROOT = iphoneos;
				SWIFT_ACTIVE_COMPILATION_CONDITIONS = DEBUG;
				SWIFT_OPTIMIZATION_LEVEL = "-Onone";
			};
			name = Debug;
		};
		6C23D0052A145E7D003F2448 /* Release */ = {
			isa = XCBuildConfiguration;
			buildSettings = {
				ALWAYS_SEARCH_USER_PATHS = NO;
				CLANG_ANALYZER_NONNULL = YES;
				CLANG_ANALYZER_NUMBER_OBJECT_CONVERSION = YES_AGGRESSIVE;
				CLANG_CXX_LANGUAGE_STANDARD = "gnu++20";
				CLANG_ENABLE_MODULES = YES;
				CLANG_ENABLE_OBJC_ARC = YES;
				CLANG_ENABLE_OBJC_WEAK = YES;
				CLANG_WARN_BLOCK_CAPTURE_AUTORELEASING = YES;
				CLANG_WARN_BOOL_CONVERSION = YES;
				CLANG_WARN_COMMA = YES;
				CLANG_WARN_CONSTANT_CONVERSION = YES;
				CLANG_WARN_DEPRECATED_OBJC_IMPLEMENTATIONS = YES;
				CLANG_WARN_DIRECT_OBJC_ISA_USAGE = YES_ERROR;
				CLANG_WARN_DOCUMENTATION_COMMENTS = YES;
				CLANG_WARN_EMPTY_BODY = YES;
				CLANG_WARN_ENUM_CONVERSION = YES;
				CLANG_WARN_INFINITE_RECURSION = YES;
				CLANG_WARN_INT_CONVERSION = YES;
				CLANG_WARN_NON_LITERAL_NULL_CONVERSION = YES;
				CLANG_WARN_OBJC_IMPLICIT_RETAIN_SELF = YES;
				CLANG_WARN_OBJC_LITERAL_CONVERSION = YES;
				CLANG_WARN_OBJC_ROOT_CLASS = YES_ERROR;
				CLANG_WARN_QUOTED_INCLUDE_IN_FRAMEWORK_HEADER = YES;
				CLANG_WARN_RANGE_LOOP_ANALYSIS = YES;
				CLANG_WARN_STRICT_PROTOTYPES = YES;
				CLANG_WARN_SUSPICIOUS_MOVE = YES;
				CLANG_WARN_UNGUARDED_AVAILABILITY = YES_AGGRESSIVE;
				CLANG_WARN_UNREACHABLE_CODE = YES;
				CLANG_WARN__DUPLICATE_METHOD_MATCH = YES;
				COPY_PHASE_STRIP = NO;
				DEBUG_INFORMATION_FORMAT = "dwarf-with-dsym";
				ENABLE_NS_ASSERTIONS = NO;
				ENABLE_STRICT_OBJC_MSGSEND = YES;
				GCC_C_LANGUAGE_STANDARD = gnu11;
				GCC_NO_COMMON_BLOCKS = YES;
				GCC_WARN_64_TO_32_BIT_CONVERSION = YES;
				GCC_WARN_ABOUT_RETURN_TYPE = YES_ERROR;
				GCC_WARN_UNDECLARED_SELECTOR = YES;
				GCC_WARN_UNINITIALIZED_AUTOS = YES_AGGRESSIVE;
				GCC_WARN_UNUSED_FUNCTION = YES;
				GCC_WARN_UNUSED_VARIABLE = YES;
				IPHONEOS_DEPLOYMENT_TARGET = 16.4;
				MTL_ENABLE_DEBUG_INFO = NO;
				MTL_FAST_MATH = YES;
				SDKROOT = iphoneos;
				SWIFT_COMPILATION_MODE = wholemodule;
				SWIFT_OPTIMIZATION_LEVEL = "-O";
				VALIDATE_PRODUCT = YES;
			};
			name = Release;
		};
		6C23D0072A145E7D003F2448 /* Debug */ = {
			isa = XCBuildConfiguration;
			buildSettings = {
				ASSETCATALOG_COMPILER_APPICON_NAME = AppIcon;
				ASSETCATALOG_COMPILER_GLOBAL_ACCENT_COLOR_NAME = AccentColor;
				CODE_SIGN_STYLE = Automatic;
				CURRENT_PROJECT_VERSION = 1;
				DEVELOPMENT_TEAM = 28Z45T22J2;
				GENERATE_INFOPLIST_FILE = YES;
				INFOPLIST_FILE = "Adventure Kaan/Info.plist";
				INFOPLIST_KEY_UIApplicationSupportsIndirectInputEvents = YES;
				INFOPLIST_KEY_UILaunchStoryboardName = LaunchScreen;
				INFOPLIST_KEY_UIMainStoryboardFile = Main;
				INFOPLIST_KEY_UISupportedInterfaceOrientations_iPad = "UIInterfaceOrientationPortrait UIInterfaceOrientationPortraitUpsideDown UIInterfaceOrientationLandscapeLeft UIInterfaceOrientationLandscapeRight";
				INFOPLIST_KEY_UISupportedInterfaceOrientations_iPhone = "UIInterfaceOrientationPortrait UIInterfaceOrientationLandscapeLeft UIInterfaceOrientationLandscapeRight";
				LD_RUNPATH_SEARCH_PATHS = (
					"$(inherited)",
					"@executable_path/Frameworks",
				);
				MARKETING_VERSION = 1.0;
				PRODUCT_BUNDLE_IDENTIFIER = "com.rotadevsolutions.Adventure-Kaan";
				PRODUCT_NAME = "$(TARGET_NAME)";
				SWIFT_EMIT_LOC_STRINGS = YES;
				SWIFT_VERSION = 5.0;
				TARGETED_DEVICE_FAMILY = "1,2";
			};
			name = Debug;
		};
		6C23D0082A145E7D003F2448 /* Release */ = {
			isa = XCBuildConfiguration;
			buildSettings = {
				ASSETCATALOG_COMPILER_APPICON_NAME = AppIcon;
				ASSETCATALOG_COMPILER_GLOBAL_ACCENT_COLOR_NAME = AccentColor;
				CODE_SIGN_STYLE = Automatic;
				CURRENT_PROJECT_VERSION = 1;
				DEVELOPMENT_TEAM = 28Z45T22J2;
				GENERATE_INFOPLIST_FILE = YES;
				INFOPLIST_FILE = "Adventure Kaan/Info.plist";
				INFOPLIST_KEY_UIApplicationSupportsIndirectInputEvents = YES;
				INFOPLIST_KEY_UILaunchStoryboardName = LaunchScreen;
				INFOPLIST_KEY_UIMainStoryboardFile = Main;
				INFOPLIST_KEY_UISupportedInterfaceOrientations_iPad = "UIInterfaceOrientationPortrait UIInterfaceOrientationPortraitUpsideDown UIInterfaceOrientationLandscapeLeft UIInterfaceOrientationLandscapeRight";
				INFOPLIST_KEY_UISupportedInterfaceOrientations_iPhone = "UIInterfaceOrientationPortrait UIInterfaceOrientationLandscapeLeft UIInterfaceOrientationLandscapeRight";
				LD_RUNPATH_SEARCH_PATHS = (
					"$(inherited)",
					"@executable_path/Frameworks",
				);
				MARKETING_VERSION = 1.0;
				PRODUCT_BUNDLE_IDENTIFIER = "com.rotadevsolutions.Adventure-Kaan";
				PRODUCT_NAME = "$(TARGET_NAME)";
				SWIFT_EMIT_LOC_STRINGS = YES;
				SWIFT_VERSION = 5.0;
				TARGETED_DEVICE_FAMILY = "1,2";
			};
			name = Release;
		};
/* End XCBuildConfiguration section */

/* Begin XCConfigurationList section */
		6C23CFED2A145E7C003F2448 /* Build configuration list for PBXProject "Adventure Kaan" */ = {
			isa = XCConfigurationList;
			buildConfigurations = (
				6C23D0042A145E7D003F2448 /* Debug */,
				6C23D0052A145E7D003F2448 /* Release */,
			);
			defaultConfigurationIsVisible = 0;
			defaultConfigurationName = Release;
		};
		6C23D0062A145E7D003F2448 /* Build configuration list for PBXNativeTarget "Adventure Kaan" */ = {
			isa = XCConfigurationList;
			buildConfigurations = (
				6C23D0072A145E7D003F2448 /* Debug */,
				6C23D0082A145E7D003F2448 /* Release */,
			);
			defaultConfigurationIsVisible = 0;
			defaultConfigurationName = Release;
		};
/* End XCConfigurationList section */
	};
	rootObject = 6C23CFEA2A145E7C003F2448 /* Project object */;
}
